// !$*UTF8*$!
{
	archiveVersion = 1;
	classes = {
	};
	objectVersion = 77;
	objects = {

/* Begin PBXBuildFile section */
		09237C79004E7B8431416AF6 /* SoundKit.swift in Sources */ = {isa = PBXBuildFile; fileRef = A8A2AE37D0ED796CF90B7C8D /* SoundKit.swift */; };
		10D06D4BD458493D0C0B31A7 /* OlaBallApp.swift in Sources */ = {isa = PBXBuildFile; fileRef = 18F064202EEBD07686BA9389 /* OlaBallApp.swift */; };
		1BEA5EFDFC038E5EB924DEE4 /* EngineTests.swift in Sources */ = {isa = PBXBuildFile; fileRef = AA774E78CE553708DD4C4BBF /* EngineTests.swift */; };
		1C977938880C8FBC694949D9 /* ProfileSetupView.swift in Sources */ = {isa = PBXBuildFile; fileRef = 8E47798CBA90DB12389ACE19 /* ProfileSetupView.swift */; };
		1CFB5FB2F014FC030EC0A2A3 /* PlayThroughUITests.swift in Sources */ = {isa = PBXBuildFile; fileRef = 42FD7D91A6A0FB34BF0E6D81 /* PlayThroughUITests.swift */; };
		1E36B0C4B4373ED30B1851A6 /* MatchController.swift in Sources */ = {isa = PBXBuildFile; fileRef = 98330380AD7A07529760C5F9 /* MatchController.swift */; };
		25F13FEE646A886BB9C96A49 /* SeededRNG.swift in Sources */ = {isa = PBXBuildFile; fileRef = F9D4B2E720D06CDAA1BCD334 /* SeededRNG.swift */; };
		364B99ACD8B9CEBDBA6023A6 /* HerWorld.swift in Sources */ = {isa = PBXBuildFile; fileRef = B0DEF2A2AEFF014570EE7519 /* HerWorld.swift */; };
		3B8421765ABD68CE217B02C1 /* RoundRevealView.swift in Sources */ = {isa = PBXBuildFile; fileRef = D400A2356E1140F41DF35565 /* RoundRevealView.swift */; };
		58F461118BB141E893F6BB83 /* DeckPickView.swift in Sources */ = {isa = PBXBuildFile; fileRef = BEC18DC118B64D620B3C4C41 /* DeckPickView.swift */; };
		59F765E87EC9483A42F2F1FE /* Theme.swift in Sources */ = {isa = PBXBuildFile; fileRef = EE971345D0D0B52CBD12D47E /* Theme.swift */; };
		5A1C8929194DA71E785A15EF /* MatchView.swift in Sources */ = {isa = PBXBuildFile; fileRef = E203D87F0E7CB5372D1FD009 /* MatchView.swift */; };
		6EEAF1FD324119800F2F8AA5 /* GameCenterService.swift in Sources */ = {isa = PBXBuildFile; fileRef = FF129FB9BE919EA90D155D6F /* GameCenterService.swift */; };
		6F68C78D975C20107B782A85 /* HUD.swift in Sources */ = {isa = PBXBuildFile; fileRef = C73634D2584CBC365EF159CD /* HUD.swift */; };
		74CB55D11BAB7D198CB16C02 /* HisWorld.swift in Sources */ = {isa = PBXBuildFile; fileRef = DDE8A422DAB70CEA66FC2A8F /* HisWorld.swift */; };
		8E631903C32C14300494A5B9 /* Deck.swift in Sources */ = {isa = PBXBuildFile; fileRef = 26EF87EC98B16EA70A371B33 /* Deck.swift */; };
		940AA0EBBFDDA52F9BA03469 /* PrivacyInfo.xcprivacy in Resources */ = {isa = PBXBuildFile; fileRef = 2FB54E8A2979C8D2D7C0446D /* PrivacyInfo.xcprivacy */; };
		94AE96AAEB3500F00E4AA693 /* MatchState.swift in Sources */ = {isa = PBXBuildFile; fileRef = 3444FB08B7B10BEBCA817D62 /* MatchState.swift */; };
		9B1FEDA86E8F3396FE22964F /* AboutView.swift in Sources */ = {isa = PBXBuildFile; fileRef = 1DC4D5F275B63FD8BB80C5B5 /* AboutView.swift */; };
		A1785D359D2A584230BDDF12 /* LocalMatchStore.swift in Sources */ = {isa = PBXBuildFile; fileRef = 054E7DDEEDE5959AAB629146 /* LocalMatchStore.swift */; };
		AEEDEB34ABBC9F0941E1BEFC /* QuestionView.swift in Sources */ = {isa = PBXBuildFile; fileRef = E4DC20F9EC8D03260CB9287F /* QuestionView.swift */; };
		AF9902D84797CBA9A9FC2B80 /* MatchEngine.swift in Sources */ = {isa = PBXBuildFile; fileRef = 4619BF5131B14EB8A4306BE4 /* MatchEngine.swift */; };
		AFE961669EEB581F969FA896 /* HerWorldMore.swift in Sources */ = {isa = PBXBuildFile; fileRef = 1EE4CDAAEF5AE6ED2B95A9E0 /* HerWorldMore.swift */; };
		B2E045E814E07FC8D0D8E319 /* Assets.xcassets in Resources */ = {isa = PBXBuildFile; fileRef = C5E93C1F2304E6984158858B /* Assets.xcassets */; };
		C0EC44E247ACF29E9929905C /* IconSheetTests.swift in Sources */ = {isa = PBXBuildFile; fileRef = 32D1360B80554459203E8CBE /* IconSheetTests.swift */; };
		D7E3C04DF212C13959FC1C7A /* Profile.swift in Sources */ = {isa = PBXBuildFile; fileRef = C44153EE6927EBB33629DF2C /* Profile.swift */; };
		DFD2564878AA95D3CE147BF1 /* HisWorldMore.swift in Sources */ = {isa = PBXBuildFile; fileRef = 493AAD598997A2CDF0026970 /* HisWorldMore.swift */; };
		E3EACA8395E6DDE4BF2D0752 /* TeamSetup.swift in Sources */ = {isa = PBXBuildFile; fileRef = E35EDA48BB1E9EE05F2C1577 /* TeamSetup.swift */; };
		E90EF8B91330ABF193F06F77 /* Wheel.swift in Sources */ = {isa = PBXBuildFile; fileRef = 07EB47EFDE6EABBA063374A5 /* Wheel.swift */; };
		F37C6E311E1FE27790FBA843 /* Icons.swift in Sources */ = {isa = PBXBuildFile; fileRef = F9F80EF042798C435582E3B7 /* Icons.swift */; };
		F7355AE2664FF230153A8582 /* HomeView.swift in Sources */ = {isa = PBXBuildFile; fileRef = AF4E4A92D9971125574E14E3 /* HomeView.swift */; };
		F982AE5B23AACCDD88171FEE /* MatchOverView.swift in Sources */ = {isa = PBXBuildFile; fileRef = 5751958A7551636AA25EBDFF /* MatchOverView.swift */; };
/* End PBXBuildFile section */

/* Begin PBXContainerItemProxy section */
		78B6A355F99DDB3FA2A6986B /* PBXContainerItemProxy */ = {
			isa = PBXContainerItemProxy;
			containerPortal = DC6B022E06D3B68B0C7814A6 /* Project object */;
			proxyType = 1;
			remoteGlobalIDString = 04B398E83A1F75F72F6DEFB0;
			remoteInfo = OlaBall;
		};
		F806B4EEEBAC749B30116CEE /* PBXContainerItemProxy */ = {
			isa = PBXContainerItemProxy;
			containerPortal = DC6B022E06D3B68B0C7814A6 /* Project object */;
			proxyType = 1;
			remoteGlobalIDString = 04B398E83A1F75F72F6DEFB0;
			remoteInfo = OlaBall;
		};
/* End PBXContainerItemProxy section */

/* Begin PBXFileReference section */
		054E7DDEEDE5959AAB629146 /* LocalMatchStore.swift */ = {isa = PBXFileReference; lastKnownFileType = sourcecode.swift; path = LocalMatchStore.swift; sourceTree = "<group>"; };
		07EB47EFDE6EABBA063374A5 /* Wheel.swift */ = {isa = PBXFileReference; lastKnownFileType = sourcecode.swift; path = Wheel.swift; sourceTree = "<group>"; };
		0E7B7B61C3E9D8589EAFA6E7 /* OlaBallTests.xctest */ = {isa = PBXFileReference; includeInIndex = 0; lastKnownFileType = wrapper.cfbundle; path = OlaBallTests.xctest; sourceTree = BUILT_PRODUCTS_DIR; };
		18F064202EEBD07686BA9389 /* OlaBallApp.swift */ = {isa = PBXFileReference; lastKnownFileType = sourcecode.swift; path = OlaBallApp.swift; sourceTree = "<group>"; };
		1AC9C84534845ADF1307187A /* OlaBallUITests.xctest */ = {isa = PBXFileReference; includeInIndex = 0; lastKnownFileType = wrapper.cfbundle; path = OlaBallUITests.xctest; sourceTree = BUILT_PRODUCTS_DIR; };
		1DC4D5F275B63FD8BB80C5B5 /* AboutView.swift */ = {isa = PBXFileReference; lastKnownFileType = sourcecode.swift; path = AboutView.swift; sourceTree = "<group>"; };
		1EE4CDAAEF5AE6ED2B95A9E0 /* HerWorldMore.swift */ = {isa = PBXFileReference; lastKnownFileType = sourcecode.swift; path = HerWorldMore.swift; sourceTree = "<group>"; };
		26EF87EC98B16EA70A371B33 /* Deck.swift */ = {isa = PBXFileReference; lastKnownFileType = sourcecode.swift; path = Deck.swift; sourceTree = "<group>"; };
		29AE2497FBB3AE71C7F0F61F /* Info.plist */ = {isa = PBXFileReference; lastKnownFileType = text.plist; path = Info.plist; sourceTree = "<group>"; };
		2FB54E8A2979C8D2D7C0446D /* PrivacyInfo.xcprivacy */ = {isa = PBXFileReference; path = PrivacyInfo.xcprivacy; sourceTree = "<group>"; };
		32D1360B80554459203E8CBE /* IconSheetTests.swift */ = {isa = PBXFileReference; lastKnownFileType = sourcecode.swift; path = IconSheetTests.swift; sourceTree = "<group>"; };
		3444FB08B7B10BEBCA817D62 /* MatchState.swift */ = {isa = PBXFileReference; lastKnownFileType = sourcecode.swift; path = MatchState.swift; sourceTree = "<group>"; };
		42FD7D91A6A0FB34BF0E6D81 /* PlayThroughUITests.swift */ = {isa = PBXFileReference; lastKnownFileType = sourcecode.swift; path = PlayThroughUITests.swift; sourceTree = "<group>"; };
		4619BF5131B14EB8A4306BE4 /* MatchEngine.swift */ = {isa = PBXFileReference; lastKnownFileType = sourcecode.swift; path = MatchEngine.swift; sourceTree = "<group>"; };
		493AAD598997A2CDF0026970 /* HisWorldMore.swift */ = {isa = PBXFileReference; lastKnownFileType = sourcecode.swift; path = HisWorldMore.swift; sourceTree = "<group>"; };
		5751958A7551636AA25EBDFF /* MatchOverView.swift */ = {isa = PBXFileReference; lastKnownFileType = sourcecode.swift; path = MatchOverView.swift; sourceTree = "<group>"; };
		8E47798CBA90DB12389ACE19 /* ProfileSetupView.swift */ = {isa = PBXFileReference; lastKnownFileType = sourcecode.swift; path = ProfileSetupView.swift; sourceTree = "<group>"; };
		98330380AD7A07529760C5F9 /* MatchController.swift */ = {isa = PBXFileReference; lastKnownFileType = sourcecode.swift; path = MatchController.swift; sourceTree = "<group>"; };
		A8A2AE37D0ED796CF90B7C8D /* SoundKit.swift */ = {isa = PBXFileReference; lastKnownFileType = sourcecode.swift; path = SoundKit.swift; sourceTree = "<group>"; };
		AA774E78CE553708DD4C4BBF /* EngineTests.swift */ = {isa = PBXFileReference; lastKnownFileType = sourcecode.swift; path = EngineTests.swift; sourceTree = "<group>"; };
		AF4E4A92D9971125574E14E3 /* HomeView.swift */ = {isa = PBXFileReference; lastKnownFileType = sourcecode.swift; path = HomeView.swift; sourceTree = "<group>"; };
		B0DEF2A2AEFF014570EE7519 /* HerWorld.swift */ = {isa = PBXFileReference; lastKnownFileType = sourcecode.swift; path = HerWorld.swift; sourceTree = "<group>"; };
		BC860B85AA69E5E27AA0AEBD /* OlaBall.entitlements */ = {isa = PBXFileReference; lastKnownFileType = text.plist.entitlements; path = OlaBall.entitlements; sourceTree = "<group>"; };
		BEC18DC118B64D620B3C4C41 /* DeckPickView.swift */ = {isa = PBXFileReference; lastKnownFileType = sourcecode.swift; path = DeckPickView.swift; sourceTree = "<group>"; };
		C44153EE6927EBB33629DF2C /* Profile.swift */ = {isa = PBXFileReference; lastKnownFileType = sourcecode.swift; path = Profile.swift; sourceTree = "<group>"; };
		C5E93C1F2304E6984158858B /* Assets.xcassets */ = {isa = PBXFileReference; lastKnownFileType = folder.assetcatalog; path = Assets.xcassets; sourceTree = "<group>"; };
		C73634D2584CBC365EF159CD /* HUD.swift */ = {isa = PBXFileReference; lastKnownFileType = sourcecode.swift; path = HUD.swift; sourceTree = "<group>"; };
		D400A2356E1140F41DF35565 /* RoundRevealView.swift */ = {isa = PBXFileReference; lastKnownFileType = sourcecode.swift; path = RoundRevealView.swift; sourceTree = "<group>"; };
		DDE8A422DAB70CEA66FC2A8F /* HisWorld.swift */ = {isa = PBXFileReference; lastKnownFileType = sourcecode.swift; path = HisWorld.swift; sourceTree = "<group>"; };
		E203D87F0E7CB5372D1FD009 /* MatchView.swift */ = {isa = PBXFileReference; lastKnownFileType = sourcecode.swift; path = MatchView.swift; sourceTree = "<group>"; };
		E306F19148BACBBAB5F7229E /* OlaBall.app */ = {isa = PBXFileReference; includeInIndex = 0; lastKnownFileType = wrapper.application; path = OlaBall.app; sourceTree = BUILT_PRODUCTS_DIR; };
		E35EDA48BB1E9EE05F2C1577 /* TeamSetup.swift */ = {isa = PBXFileReference; lastKnownFileType = sourcecode.swift; path = TeamSetup.swift; sourceTree = "<group>"; };
		E4DC20F9EC8D03260CB9287F /* QuestionView.swift */ = {isa = PBXFileReference; lastKnownFileType = sourcecode.swift; path = QuestionView.swift; sourceTree = "<group>"; };
		EE971345D0D0B52CBD12D47E /* Theme.swift */ = {isa = PBXFileReference; lastKnownFileType = sourcecode.swift; path = Theme.swift; sourceTree = "<group>"; };
		F9D4B2E720D06CDAA1BCD334 /* SeededRNG.swift */ = {isa = PBXFileReference; lastKnownFileType = sourcecode.swift; path = SeededRNG.swift; sourceTree = "<group>"; };
		F9F80EF042798C435582E3B7 /* Icons.swift */ = {isa = PBXFileReference; lastKnownFileType = sourcecode.swift; path = Icons.swift; sourceTree = "<group>"; };
		FF129FB9BE919EA90D155D6F /* GameCenterService.swift */ = {isa = PBXFileReference; lastKnownFileType = sourcecode.swift; path = GameCenterService.swift; sourceTree = "<group>"; };
/* End PBXFileReference section */

/* Begin PBXGroup section */
		2AD2D2AE42326F87D7C6FB37 /* Views */ = {
			isa = PBXGroup;
			children = (
				1DC4D5F275B63FD8BB80C5B5 /* AboutView.swift */,
				BEC18DC118B64D620B3C4C41 /* DeckPickView.swift */,
				AF4E4A92D9971125574E14E3 /* HomeView.swift */,
				C73634D2584CBC365EF159CD /* HUD.swift */,
				F9F80EF042798C435582E3B7 /* Icons.swift */,
				5751958A7551636AA25EBDFF /* MatchOverView.swift */,
				E203D87F0E7CB5372D1FD009 /* MatchView.swift */,
				8E47798CBA90DB12389ACE19 /* ProfileSetupView.swift */,
				E4DC20F9EC8D03260CB9287F /* QuestionView.swift */,
				D400A2356E1140F41DF35565 /* RoundRevealView.swift */,
				E35EDA48BB1E9EE05F2C1577 /* TeamSetup.swift */,
				EE971345D0D0B52CBD12D47E /* Theme.swift */,
				07EB47EFDE6EABBA063374A5 /* Wheel.swift */,
			);
			path = Views;
			sourceTree = "<group>";
		};
		3A5D5037F88E8B6911E35CC5 /* Resources */ = {
			isa = PBXGroup;
			children = (
				C5E93C1F2304E6984158858B /* Assets.xcassets */,
			);
			path = Resources;
			sourceTree = "<group>";
		};
		6AAF4D1988317D3B3785D8AD /* Products */ = {
			isa = PBXGroup;
			children = (
				E306F19148BACBBAB5F7229E /* OlaBall.app */,
				0E7B7B61C3E9D8589EAFA6E7 /* OlaBallTests.xctest */,
				1AC9C84534845ADF1307187A /* OlaBallUITests.xctest */,
			);
			name = Products;
			sourceTree = "<group>";
		};
		735D250A5BF636CA43C8697E /* App */ = {
			isa = PBXGroup;
			children = (
				18F064202EEBD07686BA9389 /* OlaBallApp.swift */,
			);
			path = App;
			sourceTree = "<group>";
		};
		76DC5E2ED1AC42F731017D38 /* OlaBall */ = {
			isa = PBXGroup;
			children = (
				29AE2497FBB3AE71C7F0F61F /* Info.plist */,
				BC860B85AA69E5E27AA0AEBD /* OlaBall.entitlements */,
				2FB54E8A2979C8D2D7C0446D /* PrivacyInfo.xcprivacy */,
				735D250A5BF636CA43C8697E /* App */,
				8DAE0EE45721366615A0EB32 /* Audio */,
				87900341152A40984872E5BA /* Content */,
				842B29C4C47249846FA81739 /* Engine */,
				C61D468C66FF4666866FEA21 /* Models */,
				3A5D5037F88E8B6911E35CC5 /* Resources */,
				8A4AB1148553D0B4BC487C10 /* Services */,
				9030D502291463C27A9839D0 /* Support */,
				2AD2D2AE42326F87D7C6FB37 /* Views */,
			);
			path = OlaBall;
			sourceTree = "<group>";
		};
		842B29C4C47249846FA81739 /* Engine */ = {
			isa = PBXGroup;
			children = (
				98330380AD7A07529760C5F9 /* MatchController.swift */,
				4619BF5131B14EB8A4306BE4 /* MatchEngine.swift */,
			);
			path = Engine;
			sourceTree = "<group>";
		};
		87900341152A40984872E5BA /* Content */ = {
			isa = PBXGroup;
			children = (
				B0DEF2A2AEFF014570EE7519 /* HerWorld.swift */,
				1EE4CDAAEF5AE6ED2B95A9E0 /* HerWorldMore.swift */,
				DDE8A422DAB70CEA66FC2A8F /* HisWorld.swift */,
				493AAD598997A2CDF0026970 /* HisWorldMore.swift */,
			);
			path = Content;
			sourceTree = "<group>";
		};
		8A4AB1148553D0B4BC487C10 /* Services */ = {
			isa = PBXGroup;
			children = (
				FF129FB9BE919EA90D155D6F /* GameCenterService.swift */,
				054E7DDEEDE5959AAB629146 /* LocalMatchStore.swift */,
			);
			path = Services;
			sourceTree = "<group>";
		};
		8C81A8D1BB04A19F94AD82BE /* OlaBallTests */ = {
			isa = PBXGroup;
			children = (
				AA774E78CE553708DD4C4BBF /* EngineTests.swift */,
				32D1360B80554459203E8CBE /* IconSheetTests.swift */,
			);
			path = OlaBallTests;
			sourceTree = "<group>";
		};
		8DAE0EE45721366615A0EB32 /* Audio */ = {
			isa = PBXGroup;
			children = (
				A8A2AE37D0ED796CF90B7C8D /* SoundKit.swift */,
			);
			path = Audio;
			sourceTree = "<group>";
		};
		9030D502291463C27A9839D0 /* Support */ = {
			isa = PBXGroup;
			children = (
				F9D4B2E720D06CDAA1BCD334 /* SeededRNG.swift */,
			);
			path = Support;
			sourceTree = "<group>";
		};
		C61D468C66FF4666866FEA21 /* Models */ = {
			isa = PBXGroup;
			children = (
				26EF87EC98B16EA70A371B33 /* Deck.swift */,
				3444FB08B7B10BEBCA817D62 /* MatchState.swift */,
				C44153EE6927EBB33629DF2C /* Profile.swift */,
			);
			path = Models;
			sourceTree = "<group>";
		};
		DEA24D3ABB6E5EA6CACF92C9 = {
			isa = PBXGroup;
			children = (
				76DC5E2ED1AC42F731017D38 /* OlaBall */,
				8C81A8D1BB04A19F94AD82BE /* OlaBallTests */,
				E688752EF600ECC69FD7517C /* OlaBallUITests */,
				6AAF4D1988317D3B3785D8AD /* Products */,
			);
			sourceTree = "<group>";
		};
		E688752EF600ECC69FD7517C /* OlaBallUITests */ = {
			isa = PBXGroup;
			children = (
				42FD7D91A6A0FB34BF0E6D81 /* PlayThroughUITests.swift */,
			);
			path = OlaBallUITests;
			sourceTree = "<group>";
		};
/* End PBXGroup section */

/* Begin PBXNativeTarget section */
		04B398E83A1F75F72F6DEFB0 /* OlaBall */ = {
			isa = PBXNativeTarget;
			buildConfigurationList = 76740BB291A0F5EF9525EF89 /* Build configuration list for PBXNativeTarget "OlaBall" */;
			buildPhases = (
				8FBE724E9D9E5A127CF2448E /* Sources */,
				4229DBC015AD3A5515CEA090 /* Resources */,
			);
			buildRules = (
			);
			dependencies = (
			);
			name = OlaBall;
			packageProductDependencies = (
			);
			productName = OlaBall;
			productReference = E306F19148BACBBAB5F7229E /* OlaBall.app */;
			productType = "com.apple.product-type.application";
		};
		B825188479414EE42CCEFD0B /* OlaBallUITests */ = {
			isa = PBXNativeTarget;
			buildConfigurationList = CF756DF720E2067442BBFF84 /* Build configuration list for PBXNativeTarget "OlaBallUITests" */;
			buildPhases = (
				693DA979899C73C688600DB4 /* Sources */,
			);
			buildRules = (
			);
			dependencies = (
				122B0B679F18B49FBEBA1877 /* PBXTargetDependency */,
			);
			name = OlaBallUITests;
			packageProductDependencies = (
			);
			productName = OlaBallUITests;
			productReference = 1AC9C84534845ADF1307187A /* OlaBallUITests.xctest */;
			productType = "com.apple.product-type.bundle.ui-testing";
		};
		E40D2EE528F88853910DB0EE /* OlaBallTests */ = {
			isa = PBXNativeTarget;
			buildConfigurationList = 3A883F3F98CBF92DA4FFFFB3 /* Build configuration list for PBXNativeTarget "OlaBallTests" */;
			buildPhases = (
				C7068BD093132EB0D453C7AE /* Sources */,
			);
			buildRules = (
			);
			dependencies = (
				6F4D21888BC37D529A636EB1 /* PBXTargetDependency */,
			);
			name = OlaBallTests;
			packageProductDependencies = (
			);
			productName = OlaBallTests;
			productReference = 0E7B7B61C3E9D8589EAFA6E7 /* OlaBallTests.xctest */;
			productType = "com.apple.product-type.bundle.unit-test";
		};
/* End PBXNativeTarget section */

/* Begin PBXProject section */
		DC6B022E06D3B68B0C7814A6 /* Project object */ = {
			isa = PBXProject;
			attributes = {
				BuildIndependentTargetsInParallel = YES;
				LastUpgradeCheck = 1430;
				TargetAttributes = {
					04B398E83A1F75F72F6DEFB0 = {
						ProvisioningStyle = Automatic;
					};
					B825188479414EE42CCEFD0B = {
						ProvisioningStyle = Automatic;
						TestTargetID = 04B398E83A1F75F72F6DEFB0;
					};
					E40D2EE528F88853910DB0EE = {
						ProvisioningStyle = Automatic;
					};
				};
			};
			buildConfigurationList = 4955CEF4F61F44EC52E25059 /* Build configuration list for PBXProject "OlaBall" */;
			developmentRegion = en;
			hasScannedForEncodings = 0;
			knownRegions = (
				Base,
				en,
			);
			mainGroup = DEA24D3ABB6E5EA6CACF92C9;
			minimizedProjectReferenceProxies = 1;
			preferredProjectObjectVersion = 77;
			productRefGroup = 6AAF4D1988317D3B3785D8AD /* Products */;
			projectDirPath = "";
			projectRoot = "";
			targets = (
				04B398E83A1F75F72F6DEFB0 /* OlaBall */,
				E40D2EE528F88853910DB0EE /* OlaBallTests */,
				B825188479414EE42CCEFD0B /* OlaBallUITests */,
			);
		};
/* End PBXProject section */

/* Begin PBXResourcesBuildPhase section */
		4229DBC015AD3A5515CEA090 /* Resources */ = {
			isa = PBXResourcesBuildPhase;
			buildActionMask = 2147483647;
			files = (
				B2E045E814E07FC8D0D8E319 /* Assets.xcassets in Resources */,
				940AA0EBBFDDA52F9BA03469 /* PrivacyInfo.xcprivacy in Resources */,
			);
			runOnlyForDeploymentPostprocessing = 0;
		};
/* End PBXResourcesBuildPhase section */

/* Begin PBXSourcesBuildPhase section */
		693DA979899C73C688600DB4 /* Sources */ = {
			isa = PBXSourcesBuildPhase;
			buildActionMask = 2147483647;
			files = (
				1CFB5FB2F014FC030EC0A2A3 /* PlayThroughUITests.swift in Sources */,
			);
			runOnlyForDeploymentPostprocessing = 0;
		};
		8FBE724E9D9E5A127CF2448E /* Sources */ = {
			isa = PBXSourcesBuildPhase;
			buildActionMask = 2147483647;
			files = (
				9B1FEDA86E8F3396FE22964F /* AboutView.swift in Sources */,
				8E631903C32C14300494A5B9 /* Deck.swift in Sources */,
				58F461118BB141E893F6BB83 /* DeckPickView.swift in Sources */,
				6EEAF1FD324119800F2F8AA5 /* GameCenterService.swift in Sources */,
				6F68C78D975C20107B782A85 /* HUD.swift in Sources */,
				364B99ACD8B9CEBDBA6023A6 /* HerWorld.swift in Sources */,
				AFE961669EEB581F969FA896 /* HerWorldMore.swift in Sources */,
				74CB55D11BAB7D198CB16C02 /* HisWorld.swift in Sources */,
				DFD2564878AA95D3CE147BF1 /* HisWorldMore.swift in Sources */,
				F7355AE2664FF230153A8582 /* HomeView.swift in Sources */,
				F37C6E311E1FE27790FBA843 /* Icons.swift in Sources */,
				A1785D359D2A584230BDDF12 /* LocalMatchStore.swift in Sources */,
				1E36B0C4B4373ED30B1851A6 /* MatchController.swift in Sources */,
				AF9902D84797CBA9A9FC2B80 /* MatchEngine.swift in Sources */,
				F982AE5B23AACCDD88171FEE /* MatchOverView.swift in Sources */,
				94AE96AAEB3500F00E4AA693 /* MatchState.swift in Sources */,
				5A1C8929194DA71E785A15EF /* MatchView.swift in Sources */,
				10D06D4BD458493D0C0B31A7 /* OlaBallApp.swift in Sources */,
				D7E3C04DF212C13959FC1C7A /* Profile.swift in Sources */,
				1C977938880C8FBC694949D9 /* ProfileSetupView.swift in Sources */,
				AEEDEB34ABBC9F0941E1BEFC /* QuestionView.swift in Sources */,
				3B8421765ABD68CE217B02C1 /* RoundRevealView.swift in Sources */,
				25F13FEE646A886BB9C96A49 /* SeededRNG.swift in Sources */,
				09237C79004E7B8431416AF6 /* SoundKit.swift in Sources */,
				E3EACA8395E6DDE4BF2D0752 /* TeamSetup.swift in Sources */,
				59F765E87EC9483A42F2F1FE /* Theme.swift in Sources */,
				E90EF8B91330ABF193F06F77 /* Wheel.swift in Sources */,
			);
			runOnlyForDeploymentPostprocessing = 0;
		};
		C7068BD093132EB0D453C7AE /* Sources */ = {
			isa = PBXSourcesBuildPhase;
			buildActionMask = 2147483647;
			files = (
				1BEA5EFDFC038E5EB924DEE4 /* EngineTests.swift in Sources */,
				C0EC44E247ACF29E9929905C /* IconSheetTests.swift in Sources */,
			);
			runOnlyForDeploymentPostprocessing = 0;
		};
/* End PBXSourcesBuildPhase section */

/* Begin PBXTargetDependency section */
		122B0B679F18B49FBEBA1877 /* PBXTargetDependency */ = {
			isa = PBXTargetDependency;
			target = 04B398E83A1F75F72F6DEFB0 /* OlaBall */;
			targetProxy = 78B6A355F99DDB3FA2A6986B /* PBXContainerItemProxy */;
		};
		6F4D21888BC37D529A636EB1 /* PBXTargetDependency */ = {
			isa = PBXTargetDependency;
			target = 04B398E83A1F75F72F6DEFB0 /* OlaBall */;
			targetProxy = F806B4EEEBAC749B30116CEE /* PBXContainerItemProxy */;
		};
/* End PBXTargetDependency section */

/* Begin XCBuildConfiguration section */
		52C946519A19162B8078E5CE /* Debug */ = {
			isa = XCBuildConfiguration;
			buildSettings = {
				BUNDLE_LOADER = "$(TEST_HOST)";
				GENERATE_INFOPLIST_FILE = YES;
				LD_RUNPATH_SEARCH_PATHS = (
					"$(inherited)",
					"@executable_path/Frameworks",
					"@loader_path/Frameworks",
				);
				PRODUCT_BUNDLE_IDENTIFIER = co.nsgsolutions.OlaBallUITests;
				SDKROOT = iphoneos;
				TARGETED_DEVICE_FAMILY = "1,2";
				TEST_TARGET_NAME = OlaBall;
			};
			name = Debug;
		};
		80F6B0F5B33577664E840E5B /* Release */ = {
			isa = XCBuildConfiguration;
			buildSettings = {
				ALWAYS_SEARCH_USER_PATHS = NO;
				CLANG_ANALYZER_NONNULL = YES;
				CLANG_ANALYZER_NUMBER_OBJECT_CONVERSION = YES_AGGRESSIVE;
				CLANG_CXX_LANGUAGE_STANDARD = "gnu++14";
				CLANG_CXX_LIBRARY = "libc++";
				CLANG_ENABLE_MODULES = YES;
				CLANG_ENABLE_OBJC_ARC = YES;
				CLANG_ENABLE_OBJC_WEAK = YES;
				CLANG_WARN_BLOCK_CAPTURE_AUTORELEASING = YES;
				CLANG_WARN_BOOL_CONVERSION = YES;
				CLANG_WARN_COMMA = YES;
				CLANG_WARN_CONSTANT_CONVERSION = YES;
				CLANG_WARN_DEPRECATED_OBJC_IMPLEMENTATIONS = YES;
				CLANG_WARN_DIRECT_OBJC_ISA_USAGE = YES_ERROR;
				CLANG_WARN_DOCUMENTATION_COMMENTS = YES;
				CLANG_WARN_EMPTY_BODY = YES;
				CLANG_WARN_ENUM_CONVERSION = YES;
				CLANG_WARN_INFINITE_RECURSION = YES;
				CLANG_WARN_INT_CONVERSION = YES;
				CLANG_WARN_NON_LITERAL_NULL_CONVERSION = YES;
				CLANG_WARN_OBJC_IMPLICIT_RETAIN_SELF = YES;
				CLANG_WARN_OBJC_LITERAL_CONVERSION = YES;
				CLANG_WARN_OBJC_ROOT_CLASS = YES_ERROR;
				CLANG_WARN_QUOTED_INCLUDE_IN_FRAMEWORK_HEADER = YES;
				CLANG_WARN_RANGE_LOOP_ANALYSIS = YES;
				CLANG_WARN_STRICT_PROTOTYPES = YES;
				CLANG_WARN_SUSPICIOUS_MOVE = YES;
				CLANG_WARN_UNGUARDED_AVAILABILITY = YES_AGGRESSIVE;
				CLANG_WARN_UNREACHABLE_CODE = YES;
				CLANG_WARN__DUPLICATE_METHOD_MATCH = YES;
				CODE_SIGN_STYLE = Automatic;
				COPY_PHASE_STRIP = NO;
				CURRENT_PROJECT_VERSION = 1;
				DEBUG_INFORMATION_FORMAT = "dwarf-with-dsym";
				ENABLE_NS_ASSERTIONS = NO;
				ENABLE_STRICT_OBJC_MSGSEND = YES;
				GCC_C_LANGUAGE_STANDARD = gnu11;
				GCC_NO_COMMON_BLOCKS = YES;
				GCC_WARN_64_TO_32_BIT_CONVERSION = YES;
				GCC_WARN_ABOUT_RETURN_TYPE = YES_ERROR;
				GCC_WARN_UNDECLARED_SELECTOR = YES;
				GCC_WARN_UNINITIALIZED_AUTOS = YES_AGGRESSIVE;
				GCC_WARN_UNUSED_FUNCTION = YES;
				GCC_WARN_UNUSED_VARIABLE = YES;
				IPHONEOS_DEPLOYMENT_TARGET = 17.0;
				MARKETING_VERSION = 1.0;
				MTL_ENABLE_DEBUG_INFO = NO;
				MTL_FAST_MATH = YES;
				PRODUCT_NAME = "$(TARGET_NAME)";
				SDKROOT = iphoneos;
				SWIFT_COMPILATION_MODE = wholemodule;
				SWIFT_OPTIMIZATION_LEVEL = "-O";
				SWIFT_VERSION = 5.0;
			};
			name = Release;
		};
		8CDA900D7917BD4090203307 /* Debug */ = {
			isa = XCBuildConfiguration;
			buildSettings = {
				ALWAYS_SEARCH_USER_PATHS = NO;
				CLANG_ANALYZER_NONNULL = YES;
				CLANG_ANALYZER_NUMBER_OBJECT_CONVERSION = YES_AGGRESSIVE;
				CLANG_CXX_LANGUAGE_STANDARD = "gnu++14";
				CLANG_CXX_LIBRARY = "libc++";
				CLANG_ENABLE_MODULES = YES;
				CLANG_ENABLE_OBJC_ARC = YES;
				CLANG_ENABLE_OBJC_WEAK = YES;
				CLANG_WARN_BLOCK_CAPTURE_AUTORELEASING = YES;
				CLANG_WARN_BOOL_CONVERSION = YES;
				CLANG_WARN_COMMA = YES;
				CLANG_WARN_CONSTANT_CONVERSION = YES;
				CLANG_WARN_DEPRECATED_OBJC_IMPLEMENTATIONS = YES;
				CLANG_WARN_DIRECT_OBJC_ISA_USAGE = YES_ERROR;
				CLANG_WARN_DOCUMENTATION_COMMENTS = YES;
				CLANG_WARN_EMPTY_BODY = YES;
				CLANG_WARN_ENUM_CONVERSION = YES;
				CLANG_WARN_INFINITE_RECURSION = YES;
				CLANG_WARN_INT_CONVERSION = YES;
				CLANG_WARN_NON_LITERAL_NULL_CONVERSION = YES;
				CLANG_WARN_OBJC_IMPLICIT_RETAIN_SELF = YES;
				CLANG_WARN_OBJC_LITERAL_CONVERSION = YES;
				CLANG_WARN_OBJC_ROOT_CLASS = YES_ERROR;
				CLANG_WARN_QUOTED_INCLUDE_IN_FRAMEWORK_HEADER = YES;
				CLANG_WARN_RANGE_LOOP_ANALYSIS = YES;
				CLANG_WARN_STRICT_PROTOTYPES = YES;
				CLANG_WARN_SUSPICIOUS_MOVE = YES;
				CLANG_WARN_UNGUARDED_AVAILABILITY = YES_AGGRESSIVE;
				CLANG_WARN_UNREACHABLE_CODE = YES;
				CLANG_WARN__DUPLICATE_METHOD_MATCH = YES;
				CODE_SIGN_STYLE = Automatic;
				COPY_PHASE_STRIP = NO;
				CURRENT_PROJECT_VERSION = 1;
				DEBUG_INFORMATION_FORMAT = dwarf;
				ENABLE_STRICT_OBJC_MSGSEND = YES;
				ENABLE_TESTABILITY = YES;
				GCC_C_LANGUAGE_STANDARD = gnu11;
				GCC_DYNAMIC_NO_PIC = NO;
				GCC_NO_COMMON_BLOCKS = YES;
				GCC_OPTIMIZATION_LEVEL = 0;
				GCC_PREPROCESSOR_DEFINITIONS = (
					"$(inherited)",
					"DEBUG=1",
				);
				GCC_WARN_64_TO_32_BIT_CONVERSION = YES;
				GCC_WARN_ABOUT_RETURN_TYPE = YES_ERROR;
				GCC_WARN_UNDECLARED_SELECTOR = YES;
				GCC_WARN_UNINITIALIZED_AUTOS = YES_AGGRESSIVE;
				GCC_WARN_UNUSED_FUNCTION = YES;
				GCC_WARN_UNUSED_VARIABLE = YES;
				IPHONEOS_DEPLOYMENT_TARGET = 17.0;
				MARKETING_VERSION = 1.0;
				MTL_ENABLE_DEBUG_INFO = INCLUDE_SOURCE;
				MTL_FAST_MATH = YES;
				ONLY_ACTIVE_ARCH = YES;
				PRODUCT_NAME = "$(TARGET_NAME)";
				SDKROOT = iphoneos;
				SWIFT_ACTIVE_COMPILATION_CONDITIONS = DEBUG;
				SWIFT_OPTIMIZATION_LEVEL = "-Onone";
				SWIFT_VERSION = 5.0;
			};
			name = Debug;
		};
		956FB48374F66DD583498446 /* Debug */ = {
			isa = XCBuildConfiguration;
			buildSettings = {
				BUNDLE_LOADER = "$(TEST_HOST)";
				GENERATE_INFOPLIST_FILE = YES;
				LD_RUNPATH_SEARCH_PATHS = (
					"$(inherited)",
					"@executable_path/Frameworks",
					"@loader_path/Frameworks",
				);
				PRODUCT_BUNDLE_IDENTIFIER = co.nsgsolutions.OlaBallTests;
				SDKROOT = iphoneos;
				TARGETED_DEVICE_FAMILY = "1,2";
				TEST_HOST = "$(BUILT_PRODUCTS_DIR)/OlaBall.app/OlaBall";
			};
			name = Debug;
		};
		D13B4F50F5330D7A87EC0346 /* Debug */ = {
			isa = XCBuildConfiguration;
			buildSettings = {
				ASSETCATALOG_COMPILER_APPICON_NAME = AppIcon;
				ASSETCATALOG_COMPILER_GLOBAL_ACCENT_COLOR_NAME = AccentColor;
				CODE_SIGN_ENTITLEMENTS = OlaBall/OlaBall.entitlements;
				CODE_SIGN_IDENTITY = "iPhone Developer";
				INFOPLIST_FILE = OlaBall/Info.plist;
				LD_RUNPATH_SEARCH_PATHS = (
					"$(inherited)",
					"@executable_path/Frameworks",
				);
				PRODUCT_BUNDLE_IDENTIFIER = co.nsgsolutions.spinola;
				SDKROOT = iphoneos;
				TARGETED_DEVICE_FAMILY = "1,2";
			};
			name = Debug;
		};
		D8891441CFC6872936C861B8 /* Release */ = {
			isa = XCBuildConfiguration;
			buildSettings = {
				ASSETCATALOG_COMPILER_APPICON_NAME = AppIcon;
				ASSETCATALOG_COMPILER_GLOBAL_ACCENT_COLOR_NAME = AccentColor;
				CODE_SIGN_ENTITLEMENTS = OlaBall/OlaBall.entitlements;
				CODE_SIGN_IDENTITY = "iPhone Developer";
				INFOPLIST_FILE = OlaBall/Info.plist;
				LD_RUNPATH_SEARCH_PATHS = (
					"$(inherited)",
					"@executable_path/Frameworks",
				);
				PRODUCT_BUNDLE_IDENTIFIER = co.nsgsolutions.spinola;
				SDKROOT = iphoneos;
				TARGETED_DEVICE_FAMILY = "1,2";
			};
			name = Release;
		};
		DC89B22208B20BB96B960E6A /* Release */ = {
			isa = XCBuildConfiguration;
			buildSettings = {
				BUNDLE_LOADER = "$(TEST_HOST)";
				GENERATE_INFOPLIST_FILE = YES;
				LD_RUNPATH_SEARCH_PATHS = (
					"$(inherited)",
					"@executable_path/Frameworks",
					"@loader_path/Frameworks",
				);
				PRODUCT_BUNDLE_IDENTIFIER = co.nsgsolutions.OlaBallTests;
				SDKROOT = iphoneos;
				TARGETED_DEVICE_FAMILY = "1,2";
				TEST_HOST = "$(BUILT_PRODUCTS_DIR)/OlaBall.app/OlaBall";
			};
			name = Release;
		};
		F81D7EA1BE470619471AA232 /* Release */ = {
			isa = XCBuildConfiguration;
			buildSettings = {
				BUNDLE_LOADER = "$(TEST_HOST)";
				GENERATE_INFOPLIST_FILE = YES;
				LD_RUNPATH_SEARCH_PATHS = (
					"$(inherited)",
					"@executable_path/Frameworks",
					"@loader_path/Frameworks",
				);
				PRODUCT_BUNDLE_IDENTIFIER = co.nsgsolutions.OlaBallUITests;
				SDKROOT = iphoneos;
				TARGETED_DEVICE_FAMILY = "1,2";
				TEST_TARGET_NAME = OlaBall;
			};
			name = Release;
		};
/* End XCBuildConfiguration section */

/* Begin XCConfigurationList section */
		3A883F3F98CBF92DA4FFFFB3 /* Build configuration list for PBXNativeTarget "OlaBallTests" */ = {
			isa = XCConfigurationList;
			buildConfigurations = (
				956FB48374F66DD583498446 /* Debug */,
				DC89B22208B20BB96B960E6A /* Release */,
			);
			defaultConfigurationIsVisible = 0;
			defaultConfigurationName = Debug;
		};
		4955CEF4F61F44EC52E25059 /* Build configuration list for PBXProject "OlaBall" */ = {
			isa = XCConfigurationList;
			buildConfigurations = (
				8CDA900D7917BD4090203307 /* Debug */,
				80F6B0F5B33577664E840E5B /* Release */,
			);
			defaultConfigurationIsVisible = 0;
			defaultConfigurationName = Debug;
		};
		76740BB291A0F5EF9525EF89 /* Build configuration list for PBXNativeTarget "OlaBall" */ = {
			isa = XCConfigurationList;
			buildConfigurations = (
				D13B4F50F5330D7A87EC0346 /* Debug */,
				D8891441CFC6872936C861B8 /* Release */,
			);
			defaultConfigurationIsVisible = 0;
			defaultConfigurationName = Debug;
		};
		CF756DF720E2067442BBFF84 /* Build configuration list for PBXNativeTarget "OlaBallUITests" */ = {
			isa = XCConfigurationList;
			buildConfigurations = (
				52C946519A19162B8078E5CE /* Debug */,
				F81D7EA1BE470619471AA232 /* Release */,
			);
			defaultConfigurationIsVisible = 0;
			defaultConfigurationName = Debug;
		};
/* End XCConfigurationList section */
	};
	rootObject = DC6B022E06D3B68B0C7814A6 /* Project object */;
}
